
Microsoft Visual Studio Solution File, Format Version 12.00
# Visual Studio Version 16
VisualStudioVersion = 16.0.30204.135
MinimumVisualStudioVersion = 10.0.40219.1
Project("{FAE04EC0-301F-11D3-BF4B-00C04F79EFBC}") = "KDLib", "KDLib\KDLib.csproj", "{9D12C589-1B51-4D59-A9DA-CB9C21ADB1F8}"
EndProject
Project("{FAE04EC0-301F-11D3-BF4B-00C04F79EFBC}") = "DemoFeature", "DemoFeature\DemoFeature.csproj", "{01F157EE-8B40-4477-8384-FC3D4CAC80D4}"
EndProject
Project("{2150E333-8FDC-42A3-9474-1A3956D46DE8}") = "Solution Items", "Solution Items", "{27659497-BB4B-47C3-80BE-69DF36E01BE4}"
	ProjectSection(SolutionItems) = preProject
		.editorconfig = .editorconfig
	EndProjectSection
EndProject
Project("{FAE04EC0-301F-11D3-BF4B-00C04F79EFBC}") = "KDCtrlLib", "KDCtrlLib\KDCtrlLib.csproj", "{A1827C69-78D5-46C2-A9E0-90561CEFC3CC}"
EndProject
Project("{9A19103F-16F7-4668-BE54-9A1E7A4F7556}") = "KnowledgeCreatory", "KnowledgeCreatory\KnowledgeCreatory.csproj", "{37B783D5-7D5B-4EDE-9A94-18943DF260DF}"
EndProject
Project("{FAE04EC0-301F-11D3-BF4B-00C04F79EFBC}") = "KDServer", "KDServer\KDServer.csproj", "{156FBA37-EA38-47C1-ADAA-C39A78505638}"
EndProject
Global
	GlobalSection(SolutionConfigurationPlatforms) = preSolution
		Debug|Any CPU = Debug|Any CPU
		Release|Any CPU = Release|Any CPU
	EndGlobalSection
	GlobalSection(ProjectConfigurationPlatforms) = postSolution
		{9D12C589-1B51-4D59-A9DA-CB9C21ADB1F8}.Debug|Any CPU.ActiveCfg = Debug|Any CPU
		{9D12C589-1B51-4D59-A9DA-CB9C21ADB1F8}.Debug|Any CPU.Build.0 = Debug|Any CPU
		{9D12C589-1B51-4D59-A9DA-CB9C21ADB1F8}.Release|Any CPU.ActiveCfg = Debug|Any CPU
		{9D12C589-1B51-4D59-A9DA-CB9C21ADB1F8}.Release|Any CPU.Build.0 = Debug|Any CPU
		{01F157EE-8B40-4477-8384-FC3D4CAC80D4}.Debug|Any CPU.ActiveCfg = Debug|Any CPU
		{01F157EE-8B40-4477-8384-FC3D4CAC80D4}.Debug|Any CPU.Build.0 = Debug|Any CPU
		{01F157EE-8B40-4477-8384-FC3D4CAC80D4}.Release|Any CPU.ActiveCfg = Debug|Any CPU
		{01F157EE-8B40-4477-8384-FC3D4CAC80D4}.Release|Any CPU.Build.0 = Debug|Any CPU
		{A1827C69-78D5-46C2-A9E0-90561CEFC3CC}.Debug|Any CPU.ActiveCfg = Debug|Any CPU
		{A1827C69-78D5-46C2-A9E0-90561CEFC3CC}.Debug|Any CPU.Build.0 = Debug|Any CPU
		{A1827C69-78D5-46C2-A9E0-90561CEFC3CC}.Release|Any CPU.ActiveCfg = Release|Any CPU
		{A1827C69-78D5-46C2-A9E0-90561CEFC3CC}.Release|Any CPU.Build.0 = Release|Any CPU
		{37B783D5-7D5B-4EDE-9A94-18943DF260DF}.Debug|Any CPU.ActiveCfg = Debug|Any CPU
		{37B783D5-7D5B-4EDE-9A94-18943DF260DF}.Debug|Any CPU.Build.0 = Debug|Any CPU
		{37B783D5-7D5B-4EDE-9A94-18943DF260DF}.Release|Any CPU.ActiveCfg = Release|Any CPU
		{37B783D5-7D5B-4EDE-9A94-18943DF260DF}.Release|Any CPU.Build.0 = Release|Any CPU
		{156FBA37-EA38-47C1-ADAA-C39A78505638}.Debug|Any CPU.ActiveCfg = Debug|Any CPU
		{156FBA37-EA38-47C1-ADAA-C39A78505638}.Debug|Any CPU.Build.0 = Debug|Any CPU
		{156FBA37-EA38-47C1-ADAA-C39A78505638}.Release|Any CPU.ActiveCfg = Release|Any CPU
		{156FBA37-EA38-47C1-ADAA-C39A78505638}.Release|Any CPU.Build.0 = Release|Any CPU
	EndGlobalSection
	GlobalSection(SolutionProperties) = preSolution
		HideSolutionNode = FALSE
	EndGlobalSection
	GlobalSection(ExtensibilityGlobals) = postSolution
		SolutionGuid = {6CC1E7D1-9A99-4A4C-B7BB-07F67492CA6D}
	EndGlobalSection
EndGlobal
